
Microsoft Visual Studio Solution File, Format Version 12.00
# Visual Studio Version 16
VisualStudioVersion = 16.0.30717.126
MinimumVisualStudioVersion = 10.0.40219.1
Project("{8BC9CEB8-8B4A-11D0-8D11-00A0C91BC942}") = "Main", "Main\Main.vcxproj", "{CBEF595F-606E-4728-B81B-0D6FACDAFD58}"
EndProject
Global
	GlobalSection(SolutionConfigurationPlatforms) = preSolution
		Debug|x64 = Debug|x64
		Debug|x86 = Debug|x86
		Release|x64 = Release|x64
		Release|x86 = Release|x86
	EndGlobalSection
	GlobalSection(ProjectConfigurationPlatforms) = postSolution
		{CBEF595F-606E-4728-B81B-0D6FACDAFD58}.Debug|x64.ActiveCfg = Debug|x64
		{CBEF595F-606E-4728-B81B-0D6FACDAFD58}.Debug|x64.Build.0 = Debug|x64
		{CBEF595F-606E-4728-B81B-0D6FACDAFD58}.Debug|x86.ActiveCfg = Debug|Win32
		{CBEF595F-606E-4728-B81B-0D6FACDAFD58}.Debug|x86.Build.0 = Debug|Win32
		{CBEF595F-606E-4728-B81B-0D6FACDAFD58}.Release|x64.ActiveCfg = Release|x64
		{CBEF595F-606E-4728-B81B-0D6FACDAFD58}.Release|x64.Build.0 = Release|x64
		{CBEF595F-606E-4728-B81B-0D6FACDAFD58}.Release|x86.ActiveCfg = Release|Win32
		{CBEF595F-606E-4728-B81B-0D6FACDAFD58}.Release|x86.Build.0 = Release|Win32
	EndGlobalSection
	GlobalSection(SolutionProperties) = preSolution
		HideSolutionNode = FALSE
	EndGlobalSection
	GlobalSection(ExtensibilityGlobals) = postSolution
		SolutionGuid = {182FEB27-C320-46AD-AC35-0B52E57F71A6}
	EndGlobalSection
EndGlobal
